{
  "name": "admin-lte",
  "version": "2.4.12",
  "lockfileVersion": 1,
  "requires": true,
  "dependencies": {
	"bootstrap-table": {
	  "version": "1.15.5",
	  "resolved": "https://registry.npmjs.org/bootstrap-table/-/bootstrap-table-1.15.5.tgz",
	  "integrity": "sha512-3T0Z7Htd1Ur3Pjxz3+oJE+pocaq/Rw8P+9uGGtXrEmiQqNBhq6DzVNLAnJPgKpouz24KZpDKXpqfuV8t+VqzkQ=="
	}
  }
}
